{
  "version": 4,
  "terraform_version": "1.4.2",
  "serial": 811,
  "lineage": "bf766c66-a2f5-7f21-1933-039ece73b1f5",
  "outputs": {},
  "resources": [
    {
      "mode": "managed",
      "type": "docker_network",
      "name": "app_network",
      "provider": "provider[\"registry.terraform.io/kreuzwerker/docker\"]",
      "instances": [
        {
          "schema_version": 1,
          "attributes": {
            "attachable": false,
            "check_duplicate": null,
            "driver": "bridge",
            "id": "4e01b0174db625965e0a8474efef3e18e9ffac401f00fbc2f634e16c545b2392",
            "ingress": false,
            "internal": false,
            "ipam_config": [
              {
                "aux_address": null,
                "gateway": "172.100.0.1",
                "ip_range": "",
                "subnet": "172.100.0.0/16"
              }
            ],
            "ipam_driver": "default",
            "ipam_options": null,
            "ipv6": false,
            "labels": [],
            "name": "prf-project-network",
            "options": {},
            "scope": "local"
          },
          "sensitive_attributes": [],
          "private": "eyJzY2hlbWFfdmVyc2lvbiI6IjEifQ=="
        }
      ]
    },
    {
      "module": "module.angular_app",
      "mode": "managed",
      "type": "docker_container",
      "name": "angular_app",
      "provider": "provider[\"registry.terraform.io/kreuzwerker/docker\"]",
      "instances": [
        {
          "schema_version": 2,
          "attributes": {
            "attach": false,
            "bridge": "",
            "capabilities": [],
            "cgroupns_mode": null,
            "command": [
              "./start-angular.sh"
            ],
            "container_logs": null,
            "container_read_refresh_timeout_milliseconds": 15000,
            "cpu_set": "",
            "cpu_shares": 0,
            "destroy_grace_seconds": null,
            "devices": [],
            "dns": null,
            "dns_opts": null,
            "dns_search": null,
            "domainname": "",
            "entrypoint": [
              "docker-entrypoint.sh"
            ],
            "env": [],
            "exit_code": null,
            "gpus": null,
            "group_add": null,
            "healthcheck": null,
            "host": [],
            "hostname": "prf-project-angular",
            "id": "5c46f0ca4f46ee5c5973d8c84c62a3657aed6cc344a086dfdf0d0d3088483bd5",
            "image": "sha256:17c67bfadbd391fac2a35c337dc73d655ca40a462925f303a03692e61187b29b",
            "init": false,
            "ipc_mode": "private",
            "labels": [],
            "log_driver": "json-file",
            "log_opts": null,
            "logs": false,
            "max_retry_count": 0,
            "memory": 0,
            "memory_swap": 0,
            "mounts": [],
            "must_run": true,
            "name": "prf-project-angular",
            "network_data": [
              {
                "gateway": "172.100.0.1",
                "global_ipv6_address": "",
                "global_ipv6_prefix_length": 0,
                "ip_address": "172.100.0.20",
                "ip_prefix_length": 16,
                "ipv6_gateway": "",
                "mac_address": "02:42:ac:64:00:14",
                "network_name": "prf-project-network"
              }
            ],
            "network_mode": "bridge",
            "networks_advanced": [
              {
                "aliases": [],
                "ipv4_address": "172.100.0.20",
                "ipv6_address": "",
                "name": "prf-project-network"
              }
            ],
            "pid_mode": "",
            "ports": [
              {
                "external": 4200,
                "internal": 4200,
                "ip": "0.0.0.0",
                "protocol": "tcp"
              }
            ],
            "privileged": false,
            "publish_all_ports": false,
            "read_only": false,
            "remove_volumes": true,
            "restart": "no",
            "rm": false,
            "runtime": "runc",
            "security_opts": [],
            "shm_size": 64,
            "start": true,
            "stdin_open": false,
            "stop_signal": "",
            "stop_timeout": 0,
            "storage_opts": null,
            "sysctls": null,
            "tmpfs": null,
            "tty": false,
            "ulimit": [],
            "upload": [],
            "user": "",
            "userns_mode": "",
            "volumes": [],
            "wait": false,
            "wait_timeout": 60,
            "working_dir": "/app/fakebook/client/my-first-project"
          },
          "sensitive_attributes": [],
          "private": "eyJzY2hlbWFfdmVyc2lvbiI6IjIifQ==",
          "dependencies": [
            "module.angular_app.docker_image.angular_app"
          ]
        }
      ]
    },
    {
      "module": "module.angular_app",
      "mode": "managed",
      "type": "docker_image",
      "name": "angular_app",
      "provider": "provider[\"registry.terraform.io/kreuzwerker/docker\"]",
      "instances": [
        {
          "schema_version": 0,
          "attributes": {
            "build": [
              {
                "auth_config": [],
                "build_arg": null,
                "build_args": null,
                "build_id": "",
                "cache_from": [],
                "cgroup_parent": "",
                "context": ".",
                "cpu_period": null,
                "cpu_quota": null,
                "cpu_set_cpus": "",
                "cpu_set_mems": "",
                "cpu_shares": null,
                "dockerfile": "Dockerfile_angular",
                "extra_hosts": [],
                "force_remove": null,
                "isolation": "",
                "label": null,
                "labels": null,
                "memory": null,
                "memory_swap": null,
                "network_mode": "",
                "no_cache": true,
                "platform": "",
                "pull_parent": null,
                "remote_context": "",
                "remove": true,
                "security_opt": [],
                "session_id": "",
                "shm_size": null,
                "squash": null,
                "suppress_output": null,
                "tag": [
                  "angular-prf:latest"
                ],
                "target": "",
                "ulimit": [],
                "version": ""
              }
            ],
            "force_remove": null,
            "id": "sha256:17c67bfadbd391fac2a35c337dc73d655ca40a462925f303a03692e61187b29bangular-prf:latest",
            "image_id": "sha256:17c67bfadbd391fac2a35c337dc73d655ca40a462925f303a03692e61187b29b",
            "keep_locally": null,
            "name": "angular-prf:latest",
            "platform": null,
            "pull_triggers": null,
            "repo_digest": "",
            "triggers": null
          },
          "sensitive_attributes": [],
          "private": "bnVsbA=="
        }
      ]
    },
    {
      "module": "module.graylog",
      "mode": "managed",
      "type": "docker_container",
      "name": "datanode",
      "provider": "provider[\"registry.terraform.io/kreuzwerker/docker\"]",
      "instances": [
        {
          "schema_version": 2,
          "attributes": {
            "attach": false,
            "bridge": "",
            "capabilities": [],
            "cgroupns_mode": null,
            "command": [
              "graylog-datanode"
            ],
            "container_logs": null,
            "container_read_refresh_timeout_milliseconds": 15000,
            "cpu_set": "",
            "cpu_shares": 0,
            "destroy_grace_seconds": null,
            "devices": [],
            "dns": null,
            "dns_opts": null,
            "dns_search": null,
            "domainname": "",
            "entrypoint": [
              "tini",
              "--",
              "/entrypoint.sh"
            ],
            "env": [
              "GRAYLOG_DATANODE_MONGODB_URI=mongodb://mongodb:27017/graylog",
              "GRAYLOG_DATANODE_NODE_ID_FILE=/var/lib/graylog-datanode/node-id",
              "GRAYLOG_DATANODE_PASSWORD_SECRET=MtQebxXpeLaVEU8WVG5cTUUNjmz4j4fQ2adAtyCRpzd6CfFmjlQHKIhczRA5uX1mPrE6K4ogcmSeQeYapiNlyWn0NMUnFIT0",
              "GRAYLOG_DATANODE_ROOT_PASSWORD_SHA2=8c6976e5b5410415bde908bd4dee15dfb167a9c873fc4bb8a81f6f2ab448a918"
            ],
            "exit_code": null,
            "gpus": null,
            "group_add": null,
            "healthcheck": null,
            "host": [],
            "hostname": "datanode",
            "id": "e5f655052265dba7aad2190c3842fe670e1ad9116b18c31e5c7de0d3c1ff4677",
            "image": "sha256:7036113ff11e9623ce38ffd1442d50cf2ad35b3012dbcc891a954d128a353661",
            "init": false,
            "ipc_mode": "private",
            "labels": [],
            "log_driver": "json-file",
            "log_opts": null,
            "logs": false,
            "max_retry_count": 0,
            "memory": 0,
            "memory_swap": 0,
            "mounts": [],
            "must_run": true,
            "name": "datanode",
            "network_data": [
              {
                "gateway": "172.100.0.1",
                "global_ipv6_address": "",
                "global_ipv6_prefix_length": 0,
                "ip_address": "172.100.0.11",
                "ip_prefix_length": 16,
                "ipv6_gateway": "",
                "mac_address": "02:42:ac:64:00:0b",
                "network_name": "prf-project-network"
              }
            ],
            "network_mode": "bridge",
            "networks_advanced": [
              {
                "aliases": [],
                "ipv4_address": "172.100.0.11",
                "ipv6_address": "",
                "name": "prf-project-network"
              }
            ],
            "pid_mode": "",
            "ports": [
              {
                "external": 8999,
                "internal": 8999,
                "ip": "0.0.0.0",
                "protocol": "tcp"
              },
              {
                "external": 9200,
                "internal": 9200,
                "ip": "0.0.0.0",
                "protocol": "tcp"
              },
              {
                "external": 9300,
                "internal": 9300,
                "ip": "0.0.0.0",
                "protocol": "tcp"
              }
            ],
            "privileged": false,
            "publish_all_ports": false,
            "read_only": false,
            "remove_volumes": true,
            "restart": "on-failure",
            "rm": false,
            "runtime": "runc",
            "security_opts": [],
            "shm_size": 64,
            "start": true,
            "stdin_open": false,
            "stop_signal": "",
            "stop_timeout": 0,
            "storage_opts": null,
            "sysctls": null,
            "tmpfs": null,
            "tty": false,
            "ulimit": [
              {
                "hard": -1,
                "name": "memlock",
                "soft": -1
              },
              {
                "hard": 65536,
                "name": "nofile",
                "soft": 65536
              }
            ],
            "upload": [],
            "user": "",
            "userns_mode": "",
            "volumes": [
              {
                "container_path": "/var/lib/graylog-datanode",
                "from_container": "",
                "host_path": "",
                "read_only": null,
                "volume_name": "graylog-datanode"
              }
            ],
            "wait": false,
            "wait_timeout": 60,
            "working_dir": ""
          },
          "sensitive_attributes": [
            [
              {
                "type": "get_attr",
                "value": "env"
              }
            ]
          ],
          "private": "eyJzY2hlbWFfdmVyc2lvbiI6IjIifQ==",
          "dependencies": [
            "module.graylog.docker_volume.graylog_datanode"
          ]
        }
      ]
    },
    {
      "module": "module.graylog",
      "mode": "managed",
      "type": "docker_container",
      "name": "graylog",
      "provider": "provider[\"registry.terraform.io/kreuzwerker/docker\"]",
      "instances": [
        {
          "schema_version": 2,
          "attributes": {
            "attach": false,
            "bridge": "",
            "capabilities": [],
            "cgroupns_mode": null,
            "command": [],
            "container_logs": null,
            "container_read_refresh_timeout_milliseconds": 15000,
            "cpu_set": "",
            "cpu_shares": 0,
            "destroy_grace_seconds": null,
            "devices": [],
            "dns": null,
            "dns_opts": null,
            "dns_search": null,
            "domainname": "",
            "entrypoint": [
              "/usr/bin/tini",
              "--",
              "/docker-entrypoint.sh"
            ],
            "env": [
              "GRAYLOG_HTTP_BIND_ADDRESS=0.0.0.0:9000",
              "GRAYLOG_HTTP_EXTERNAL_URI=http://localhost:9000/",
              "GRAYLOG_MONGODB_URI=mongodb://mongodb:27017/graylog",
              "GRAYLOG_NODE_ID_FILE=/usr/share/graylog/data/data/node-id",
              "GRAYLOG_PASSWORD_SECRET=MtQebxXpeLaVEU8WVG5cTUUNjmz4j4fQ2adAtyCRpzd6CfFmjlQHKIhczRA5uX1mPrE6K4ogcmSeQeYapiNlyWn0NMUnFIT0",
              "GRAYLOG_ROOT_PASSWORD_SHA2=8c6976e5b5410415bde908bd4dee15dfb167a9c873fc4bb8a81f6f2ab448a918"
            ],
            "exit_code": null,
            "gpus": null,
            "group_add": null,
            "healthcheck": [
              {
                "interval": "10s",
                "retries": 12,
                "start_period": "0s",
                "test": [
                  "CMD-SHELL",
                  "/health_check.sh"
                ],
                "timeout": "2s"
              }
            ],
            "host": [],
            "hostname": "server",
            "id": "850ee813684903d5ee95ca63c4d3c43beff7cdd2d6be2aa1d268c117e667ea07",
            "image": "sha256:6cc1ec129f95d0e11735d0cc1b6e11abc2788cfa85bb54358807b9ab799d3610",
            "init": false,
            "ipc_mode": "private",
            "labels": [],
            "log_driver": "json-file",
            "log_opts": null,
            "logs": false,
            "max_retry_count": 0,
            "memory": 0,
            "memory_swap": 0,
            "mounts": [],
            "must_run": true,
            "name": "graylog",
            "network_data": [
              {
                "gateway": "172.100.0.1",
                "global_ipv6_address": "",
                "global_ipv6_prefix_length": 0,
                "ip_address": "172.100.0.12",
                "ip_prefix_length": 16,
                "ipv6_gateway": "",
                "mac_address": "02:42:ac:64:00:0c",
                "network_name": "prf-project-network"
              }
            ],
            "network_mode": "bridge",
            "networks_advanced": [
              {
                "aliases": [],
                "ipv4_address": "172.100.0.12",
                "ipv6_address": "",
                "name": "prf-project-network"
              }
            ],
            "pid_mode": "",
            "ports": [
              {
                "external": 5044,
                "internal": 5044,
                "ip": "0.0.0.0",
                "protocol": "tcp"
              },
              {
                "external": 5140,
                "internal": 5140,
                "ip": "0.0.0.0",
                "protocol": "tcp"
              },
              {
                "external": 5140,
                "internal": 5140,
                "ip": "0.0.0.0",
                "protocol": "udp"
              },
              {
                "external": 5555,
                "internal": 5555,
                "ip": "0.0.0.0",
                "protocol": "udp"
              },
              {
                "external": 5555,
                "internal": 5555,
                "ip": "0.0.0.0",
                "protocol": "tcp"
              },
              {
                "external": 9000,
                "internal": 9000,
                "ip": "0.0.0.0",
                "protocol": "tcp"
              },
              {
                "external": 12201,
                "internal": 12201,
                "ip": "0.0.0.0",
                "protocol": "tcp"
              },
              {
                "external": 12201,
                "internal": 12201,
                "ip": "0.0.0.0",
                "protocol": "udp"
              },
              {
                "external": 13301,
                "internal": 13301,
                "ip": "0.0.0.0",
                "protocol": "tcp"
              },
              {
                "external": 13302,
                "internal": 13302,
                "ip": "0.0.0.0",
                "protocol": "tcp"
              }
            ],
            "privileged": false,
            "publish_all_ports": false,
            "read_only": false,
            "remove_volumes": true,
            "restart": "on-failure",
            "rm": false,
            "runtime": "runc",
            "security_opts": [],
            "shm_size": 64,
            "start": true,
            "stdin_open": false,
            "stop_signal": "",
            "stop_timeout": 0,
            "storage_opts": null,
            "sysctls": null,
            "tmpfs": null,
            "tty": false,
            "ulimit": [],
            "upload": [],
            "user": "graylog",
            "userns_mode": "",
            "volumes": [
              {
                "container_path": "/usr/share/graylog/data/data",
                "from_container": "",
                "host_path": "",
                "read_only": null,
                "volume_name": "graylog_data"
              },
              {
                "container_path": "/usr/share/graylog/data/journal",
                "from_container": "",
                "host_path": "",
                "read_only": null,
                "volume_name": "graylog_journal"
              }
            ],
            "wait": false,
            "wait_timeout": 60,
            "working_dir": "/usr/share/graylog"
          },
          "sensitive_attributes": [
            [
              {
                "type": "get_attr",
                "value": "env"
              }
            ]
          ],
          "private": "eyJzY2hlbWFfdmVyc2lvbiI6IjIifQ==",
          "dependencies": [
            "module.graylog.docker_container.datanode",
            "module.graylog.docker_container.mongodb",
            "module.graylog.docker_volume.graylog_data",
            "module.graylog.docker_volume.graylog_datanode",
            "module.graylog.docker_volume.graylog_journal",
            "module.graylog.docker_volume.mongodb_data"
          ]
        }
      ]
    },
    {
      "module": "module.graylog",
      "mode": "managed",
      "type": "docker_container",
      "name": "mongodb",
      "provider": "provider[\"registry.terraform.io/kreuzwerker/docker\"]",
      "instances": [
        {
          "schema_version": 2,
          "attributes": {
            "attach": false,
            "bridge": "",
            "capabilities": [],
            "cgroupns_mode": null,
            "command": [
              "mongod"
            ],
            "container_logs": null,
            "container_read_refresh_timeout_milliseconds": 15000,
            "cpu_set": "",
            "cpu_shares": 0,
            "destroy_grace_seconds": null,
            "devices": [],
            "dns": null,
            "dns_opts": null,
            "dns_search": null,
            "domainname": "",
            "entrypoint": [
              "docker-entrypoint.sh"
            ],
            "env": [],
            "exit_code": null,
            "gpus": null,
            "group_add": null,
            "healthcheck": null,
            "host": [],
            "hostname": "1107ced775e3",
            "id": "1107ced775e3b582e84784b9c2439df1f77ef151f4ff296db11b539b09361528",
            "image": "sha256:ed1e02a705a3c51d7cd3f499ca2bcd2d1bbfed657b46911ddf1e33dd898d11fa",
            "init": false,
            "ipc_mode": "private",
            "labels": [],
            "log_driver": "json-file",
            "log_opts": null,
            "logs": false,
            "max_retry_count": 0,
            "memory": 0,
            "memory_swap": 0,
            "mounts": [],
            "must_run": true,
            "name": "mongodb",
            "network_data": [
              {
                "gateway": "172.100.0.1",
                "global_ipv6_address": "",
                "global_ipv6_prefix_length": 0,
                "ip_address": "172.100.0.15",
                "ip_prefix_length": 16,
                "ipv6_gateway": "",
                "mac_address": "02:42:ac:64:00:0f",
                "network_name": "prf-project-network"
              }
            ],
            "network_mode": "bridge",
            "networks_advanced": [
              {
                "aliases": [],
                "ipv4_address": "172.100.0.15",
                "ipv6_address": "",
                "name": "prf-project-network"
              }
            ],
            "pid_mode": "",
            "ports": [],
            "privileged": false,
            "publish_all_ports": false,
            "read_only": false,
            "remove_volumes": true,
            "restart": "on-failure",
            "rm": false,
            "runtime": "runc",
            "security_opts": [],
            "shm_size": 64,
            "start": true,
            "stdin_open": false,
            "stop_signal": "",
            "stop_timeout": 0,
            "storage_opts": null,
            "sysctls": null,
            "tmpfs": null,
            "tty": false,
            "ulimit": [],
            "upload": [],
            "user": "",
            "userns_mode": "",
            "volumes": [
              {
                "container_path": "/data/db",
                "from_container": "",
                "host_path": "",
                "read_only": null,
                "volume_name": "mongodb_data"
              }
            ],
            "wait": false,
            "wait_timeout": 60,
            "working_dir": ""
          },
          "sensitive_attributes": [],
          "private": "eyJzY2hlbWFfdmVyc2lvbiI6IjIifQ==",
          "dependencies": [
            "module.graylog.docker_volume.mongodb_data"
          ]
        }
      ]
    },
    {
      "module": "module.graylog",
      "mode": "managed",
      "type": "docker_volume",
      "name": "graylog_data",
      "provider": "provider[\"registry.terraform.io/kreuzwerker/docker\"]",
      "instances": [
        {
          "schema_version": 1,
          "attributes": {
            "driver": "local",
            "driver_opts": null,
            "id": "graylog_data",
            "labels": [],
            "mountpoint": "/var/lib/docker/volumes/graylog_data/_data",
            "name": "graylog_data"
          },
          "sensitive_attributes": [],
          "private": "eyJzY2hlbWFfdmVyc2lvbiI6IjEifQ=="
        }
      ]
    },
    {
      "module": "module.graylog",
      "mode": "managed",
      "type": "docker_volume",
      "name": "graylog_datanode",
      "provider": "provider[\"registry.terraform.io/kreuzwerker/docker\"]",
      "instances": [
        {
          "schema_version": 1,
          "attributes": {
            "driver": "local",
            "driver_opts": null,
            "id": "graylog-datanode",
            "labels": [],
            "mountpoint": "/var/lib/docker/volumes/graylog-datanode/_data",
            "name": "graylog-datanode"
          },
          "sensitive_attributes": [],
          "private": "eyJzY2hlbWFfdmVyc2lvbiI6IjEifQ=="
        }
      ]
    },
    {
      "module": "module.graylog",
      "mode": "managed",
      "type": "docker_volume",
      "name": "graylog_journal",
      "provider": "provider[\"registry.terraform.io/kreuzwerker/docker\"]",
      "instances": [
        {
          "schema_version": 1,
          "attributes": {
            "driver": "local",
            "driver_opts": null,
            "id": "graylog_journal",
            "labels": [],
            "mountpoint": "/var/lib/docker/volumes/graylog_journal/_data",
            "name": "graylog_journal"
          },
          "sensitive_attributes": [],
          "private": "eyJzY2hlbWFfdmVyc2lvbiI6IjEifQ=="
        }
      ]
    },
    {
      "module": "module.graylog",
      "mode": "managed",
      "type": "docker_volume",
      "name": "mongodb_data",
      "provider": "provider[\"registry.terraform.io/kreuzwerker/docker\"]",
      "instances": [
        {
          "schema_version": 1,
          "attributes": {
            "driver": "local",
            "driver_opts": null,
            "id": "mongodb_data",
            "labels": [],
            "mountpoint": "/var/lib/docker/volumes/mongodb_data/_data",
            "name": "mongodb_data"
          },
          "sensitive_attributes": [],
          "private": "eyJzY2hlbWFfdmVyc2lvbiI6IjEifQ=="
        }
      ]
    },
    {
      "module": "module.mongodb",
      "mode": "managed",
      "type": "docker_container",
      "name": "mongodb",
      "provider": "provider[\"registry.terraform.io/kreuzwerker/docker\"]",
      "instances": [
        {
          "schema_version": 2,
          "attributes": {
            "attach": false,
            "bridge": "",
            "capabilities": [],
            "cgroupns_mode": null,
            "command": [
              "mongod"
            ],
            "container_logs": null,
            "container_read_refresh_timeout_milliseconds": 15000,
            "cpu_set": "",
            "cpu_shares": 0,
            "destroy_grace_seconds": null,
            "devices": [],
            "dns": null,
            "dns_opts": null,
            "dns_search": null,
            "domainname": "",
            "entrypoint": [
              "docker-entrypoint.sh"
            ],
            "env": [],
            "exit_code": null,
            "gpus": null,
            "group_add": null,
            "healthcheck": null,
            "host": [],
            "hostname": "prf-project-mongodb",
            "id": "8975cf575deec2307e67b8fa935251cd58ee734206105d5f3d7b14727293f6df",
            "image": "sha256:3032061839fd0152c1258f35a92d35d4140d45807020b4d7084c249cdf3071f8",
            "init": false,
            "ipc_mode": "private",
            "labels": [],
            "log_driver": "json-file",
            "log_opts": null,
            "logs": false,
            "max_retry_count": 0,
            "memory": 0,
            "memory_swap": 0,
            "mounts": [],
            "must_run": true,
            "name": "prf-project-mongodb",
            "network_data": [
              {
                "gateway": "172.100.0.1",
                "global_ipv6_address": "",
                "global_ipv6_prefix_length": 0,
                "ip_address": "172.100.0.30",
                "ip_prefix_length": 16,
                "ipv6_gateway": "",
                "mac_address": "02:42:ac:64:00:1e",
                "network_name": "prf-project-network"
              }
            ],
            "network_mode": "bridge",
            "networks_advanced": [
              {
                "aliases": [],
                "ipv4_address": "172.100.0.30",
                "ipv6_address": "",
                "name": "prf-project-network"
              }
            ],
            "pid_mode": "",
            "ports": [
              {
                "external": 6000,
                "internal": 27017,
                "ip": "0.0.0.0",
                "protocol": "tcp"
              }
            ],
            "privileged": false,
            "publish_all_ports": false,
            "read_only": false,
            "remove_volumes": true,
            "restart": "no",
            "rm": false,
            "runtime": "runc",
            "security_opts": [],
            "shm_size": 64,
            "start": true,
            "stdin_open": false,
            "stop_signal": "",
            "stop_timeout": 0,
            "storage_opts": null,
            "sysctls": null,
            "tmpfs": null,
            "tty": false,
            "ulimit": [],
            "upload": [],
            "user": "",
            "userns_mode": "",
            "volumes": [],
            "wait": false,
            "wait_timeout": 60,
            "working_dir": ""
          },
          "sensitive_attributes": [],
          "private": "eyJzY2hlbWFfdmVyc2lvbiI6IjIifQ==",
          "dependencies": [
            "module.mongodb.docker_image.mongodb"
          ]
        }
      ]
    },
    {
      "module": "module.mongodb",
      "mode": "managed",
      "type": "docker_image",
      "name": "mongodb",
      "provider": "provider[\"registry.terraform.io/kreuzwerker/docker\"]",
      "instances": [
        {
          "schema_version": 0,
          "attributes": {
            "build": [
              {
                "auth_config": [],
                "build_arg": null,
                "build_args": null,
                "build_id": "",
                "cache_from": [],
                "cgroup_parent": "",
                "context": ".",
                "cpu_period": null,
                "cpu_quota": null,
                "cpu_set_cpus": "",
                "cpu_set_mems": "",
                "cpu_shares": null,
                "dockerfile": "Dockerfile_mongodb",
                "extra_hosts": [],
                "force_remove": null,
                "isolation": "",
                "label": null,
                "labels": null,
                "memory": null,
                "memory_swap": null,
                "network_mode": "",
                "no_cache": true,
                "platform": "",
                "pull_parent": null,
                "remote_context": "",
                "remove": true,
                "security_opt": [],
                "session_id": "",
                "shm_size": null,
                "squash": null,
                "suppress_output": null,
                "tag": [
                  "mongodb-prf:latest"
                ],
                "target": "",
                "ulimit": [],
                "version": ""
              }
            ],
            "force_remove": null,
            "id": "sha256:3032061839fd0152c1258f35a92d35d4140d45807020b4d7084c249cdf3071f8mongodb-prf:latest",
            "image_id": "sha256:3032061839fd0152c1258f35a92d35d4140d45807020b4d7084c249cdf3071f8",
            "keep_locally": null,
            "name": "mongodb-prf:latest",
            "platform": null,
            "pull_triggers": null,
            "repo_digest": "",
            "triggers": null
          },
          "sensitive_attributes": [],
          "private": "bnVsbA=="
        }
      ]
    },
    {
      "module": "module.nginx",
      "mode": "managed",
      "type": "docker_container",
      "name": "nginx",
      "provider": "provider[\"registry.terraform.io/kreuzwerker/docker\"]",
      "instances": [
        {
          "schema_version": 2,
          "attributes": {
            "attach": false,
            "bridge": "",
            "capabilities": [],
            "cgroupns_mode": null,
            "command": [
              "nginx",
              "-g",
              "daemon off;"
            ],
            "container_logs": null,
            "container_read_refresh_timeout_milliseconds": 15000,
            "cpu_set": "",
            "cpu_shares": 0,
            "destroy_grace_seconds": null,
            "devices": [],
            "dns": null,
            "dns_opts": null,
            "dns_search": null,
            "domainname": "",
            "entrypoint": [
              "/docker-entrypoint.sh"
            ],
            "env": [],
            "exit_code": null,
            "gpus": null,
            "group_add": null,
            "healthcheck": null,
            "host": [],
            "hostname": "prf-project-nginx",
            "id": "75d812d5025a75f27c26cbb40625d592e3050a2ea35735ecc711e4bf905d5421",
            "image": "sha256:2798f921dab9e489f36ddc0fee58e524a7541331e2a041061225cfa5e03a3f38",
            "init": false,
            "ipc_mode": "private",
            "labels": [],
            "log_driver": "json-file",
            "log_opts": null,
            "logs": false,
            "max_retry_count": 0,
            "memory": 0,
            "memory_swap": 0,
            "mounts": [],
            "must_run": true,
            "name": "prf-project-nginx",
            "network_data": [
              {
                "gateway": "172.100.0.1",
                "global_ipv6_address": "",
                "global_ipv6_prefix_length": 0,
                "ip_address": "172.100.0.50",
                "ip_prefix_length": 16,
                "ipv6_gateway": "",
                "mac_address": "02:42:ac:64:00:32",
                "network_name": "prf-project-network"
              }
            ],
            "network_mode": "bridge",
            "networks_advanced": [
              {
                "aliases": [],
                "ipv4_address": "172.100.0.50",
                "ipv6_address": "",
                "name": "prf-project-network"
              }
            ],
            "pid_mode": "",
            "ports": [
              {
                "external": 80,
                "internal": 80,
                "ip": "0.0.0.0",
                "protocol": "tcp"
              }
            ],
            "privileged": false,
            "publish_all_ports": false,
            "read_only": false,
            "remove_volumes": true,
            "restart": "no",
            "rm": false,
            "runtime": "runc",
            "security_opts": [],
            "shm_size": 64,
            "start": true,
            "stdin_open": false,
            "stop_signal": "SIGQUIT",
            "stop_timeout": 0,
            "storage_opts": null,
            "sysctls": null,
            "tmpfs": null,
            "tty": false,
            "ulimit": [],
            "upload": [],
            "user": "",
            "userns_mode": "",
            "volumes": [],
            "wait": false,
            "wait_timeout": 60,
            "working_dir": ""
          },
          "sensitive_attributes": [],
          "private": "eyJzY2hlbWFfdmVyc2lvbiI6IjIifQ==",
          "dependencies": [
            "module.nginx.docker_image.nginx"
          ]
        }
      ]
    },
    {
      "module": "module.nginx",
      "mode": "managed",
      "type": "docker_image",
      "name": "nginx",
      "provider": "provider[\"registry.terraform.io/kreuzwerker/docker\"]",
      "instances": [
        {
          "schema_version": 0,
          "attributes": {
            "build": [
              {
                "auth_config": [],
                "build_arg": null,
                "build_args": null,
                "build_id": "",
                "cache_from": [],
                "cgroup_parent": "",
                "context": ".",
                "cpu_period": null,
                "cpu_quota": null,
                "cpu_set_cpus": "",
                "cpu_set_mems": "",
                "cpu_shares": null,
                "dockerfile": "Dockerfile_nginx",
                "extra_hosts": [],
                "force_remove": null,
                "isolation": "",
                "label": null,
                "labels": null,
                "memory": null,
                "memory_swap": null,
                "network_mode": "",
                "no_cache": true,
                "platform": "",
                "pull_parent": null,
                "remote_context": "",
                "remove": true,
                "security_opt": [],
                "session_id": "",
                "shm_size": null,
                "squash": null,
                "suppress_output": null,
                "tag": [
                  "nginx-prf:latest"
                ],
                "target": "",
                "ulimit": [],
                "version": ""
              }
            ],
            "force_remove": null,
            "id": "sha256:2798f921dab9e489f36ddc0fee58e524a7541331e2a041061225cfa5e03a3f38nginx-prf:latest",
            "image_id": "sha256:2798f921dab9e489f36ddc0fee58e524a7541331e2a041061225cfa5e03a3f38",
            "keep_locally": null,
            "name": "nginx-prf:latest",
            "platform": null,
            "pull_triggers": null,
            "repo_digest": "",
            "triggers": null
          },
          "sensitive_attributes": [],
          "private": "bnVsbA=="
        }
      ]
    },
    {
      "module": "module.nodejs_app",
      "mode": "managed",
      "type": "docker_container",
      "name": "node_app",
      "provider": "provider[\"registry.terraform.io/kreuzwerker/docker\"]",
      "instances": [
        {
          "schema_version": 2,
          "attributes": {
            "attach": false,
            "bridge": "",
            "capabilities": [],
            "cgroupns_mode": null,
            "command": [
              "./start-nodejs.sh"
            ],
            "container_logs": null,
            "container_read_refresh_timeout_milliseconds": 15000,
            "cpu_set": "",
            "cpu_shares": 0,
            "destroy_grace_seconds": null,
            "devices": [],
            "dns": null,
            "dns_opts": null,
            "dns_search": null,
            "domainname": "",
            "entrypoint": [
              "docker-entrypoint.sh"
            ],
            "env": [],
            "exit_code": null,
            "gpus": null,
            "group_add": null,
            "healthcheck": null,
            "host": [],
            "hostname": "prf-project-nodejs",
            "id": "b31e1069e31117c4b984afbcc5591e63038d5ac15265181af0b9ab64e708e187",
            "image": "sha256:c7c07440eaed988f802b98ad614a8edacaa7a793c9084a16d32b4ba2c5a4cf88",
            "init": false,
            "ipc_mode": "private",
            "labels": [],
            "log_driver": "json-file",
            "log_opts": null,
            "logs": false,
            "max_retry_count": 0,
            "memory": 0,
            "memory_swap": 0,
            "mounts": [],
            "must_run": true,
            "name": "prf-project-nodejs",
            "network_data": [
              {
                "gateway": "172.100.0.1",
                "global_ipv6_address": "",
                "global_ipv6_prefix_length": 0,
                "ip_address": "172.100.0.10",
                "ip_prefix_length": 16,
                "ipv6_gateway": "",
                "mac_address": "02:42:ac:64:00:0a",
                "network_name": "prf-project-network"
              }
            ],
            "network_mode": "bridge",
            "networks_advanced": [
              {
                "aliases": [],
                "ipv4_address": "172.100.0.10",
                "ipv6_address": "",
                "name": "prf-project-network"
              }
            ],
            "pid_mode": "",
            "ports": [
              {
                "external": 5000,
                "internal": 5000,
                "ip": "0.0.0.0",
                "protocol": "tcp"
              }
            ],
            "privileged": false,
            "publish_all_ports": false,
            "read_only": false,
            "remove_volumes": true,
            "restart": "no",
            "rm": false,
            "runtime": "runc",
            "security_opts": [],
            "shm_size": 64,
            "start": true,
            "stdin_open": false,
            "stop_signal": "",
            "stop_timeout": 0,
            "storage_opts": null,
            "sysctls": null,
            "tmpfs": null,
            "tty": false,
            "ulimit": [],
            "upload": [],
            "user": "",
            "userns_mode": "",
            "volumes": [],
            "wait": false,
            "wait_timeout": 60,
            "working_dir": "/app/fakebook/server"
          },
          "sensitive_attributes": [],
          "private": "eyJzY2hlbWFfdmVyc2lvbiI6IjIifQ==",
          "dependencies": [
            "module.nodejs_app.docker_image.node_app"
          ]
        }
      ]
    },
    {
      "module": "module.nodejs_app",
      "mode": "managed",
      "type": "docker_image",
      "name": "node_app",
      "provider": "provider[\"registry.terraform.io/kreuzwerker/docker\"]",
      "instances": [
        {
          "schema_version": 0,
          "attributes": {
            "build": [
              {
                "auth_config": [],
                "build_arg": null,
                "build_args": null,
                "build_id": "",
                "cache_from": [],
                "cgroup_parent": "",
                "context": ".",
                "cpu_period": null,
                "cpu_quota": null,
                "cpu_set_cpus": "",
                "cpu_set_mems": "",
                "cpu_shares": null,
                "dockerfile": "Dockerfile_nodejs",
                "extra_hosts": [],
                "force_remove": null,
                "isolation": "",
                "label": null,
                "labels": null,
                "memory": null,
                "memory_swap": null,
                "network_mode": "",
                "no_cache": true,
                "platform": "",
                "pull_parent": null,
                "remote_context": "",
                "remove": true,
                "security_opt": [],
                "session_id": "",
                "shm_size": null,
                "squash": null,
                "suppress_output": null,
                "tag": [
                  "nodejs-prf:latest"
                ],
                "target": "",
                "ulimit": [],
                "version": ""
              }
            ],
            "force_remove": null,
            "id": "sha256:c7c07440eaed988f802b98ad614a8edacaa7a793c9084a16d32b4ba2c5a4cf88nodejs-prf:latest",
            "image_id": "sha256:c7c07440eaed988f802b98ad614a8edacaa7a793c9084a16d32b4ba2c5a4cf88",
            "keep_locally": null,
            "name": "nodejs-prf:latest",
            "platform": null,
            "pull_triggers": null,
            "repo_digest": "",
            "triggers": null
          },
          "sensitive_attributes": [],
          "private": "bnVsbA=="
        }
      ]
    },
    {
      "module": "module.zabbix",
      "mode": "managed",
      "type": "docker_container",
      "name": "mysql_server",
      "provider": "provider[\"registry.terraform.io/kreuzwerker/docker\"]",
      "instances": [
        {
          "schema_version": 2,
          "attributes": {
            "attach": false,
            "bridge": "",
            "capabilities": [],
            "cgroupns_mode": null,
            "command": [
              "--character-set-server=utf8",
              "--collation-server=utf8_bin",
              "--default-authentication-plugin=mysql_native_password"
            ],
            "container_logs": null,
            "container_read_refresh_timeout_milliseconds": 15000,
            "cpu_set": "",
            "cpu_shares": 0,
            "destroy_grace_seconds": null,
            "devices": [],
            "dns": null,
            "dns_opts": null,
            "dns_search": null,
            "domainname": "",
            "entrypoint": [
              "docker-entrypoint.sh"
            ],
            "env": [
              "MYSQL_DATABASE=zabbix",
              "MYSQL_PASSWORD=your_secure_zabbix_password",
              "MYSQL_ROOT_PASSWORD=your_secure_root_password",
              "MYSQL_USER=zabbix"
            ],
            "exit_code": null,
            "gpus": null,
            "group_add": null,
            "healthcheck": null,
            "host": [],
            "hostname": "3ff01b8a8622",
            "id": "3ff01b8a862295358b91dcdb6363992a8e69ccf93b010801aa178c944a8ca384",
            "image": "sha256:6c55ddbef96911f9f36d1330ffe3f7557c019d49434e738cafabd1a3dd6b4bac",
            "init": false,
            "ipc_mode": "private",
            "labels": [],
            "log_driver": "json-file",
            "log_opts": null,
            "logs": false,
            "max_retry_count": 0,
            "memory": 0,
            "memory_swap": 0,
            "mounts": [],
            "must_run": true,
            "name": "mysql-server",
            "network_data": [
              {
                "gateway": "172.100.0.1",
                "global_ipv6_address": "",
                "global_ipv6_prefix_length": 0,
                "ip_address": "172.100.0.35",
                "ip_prefix_length": 16,
                "ipv6_gateway": "",
                "mac_address": "02:42:ac:64:00:23",
                "network_name": "prf-project-network"
              }
            ],
            "network_mode": "bridge",
            "networks_advanced": [
              {
                "aliases": [],
                "ipv4_address": "172.100.0.35",
                "ipv6_address": "",
                "name": "prf-project-network"
              }
            ],
            "pid_mode": "",
            "ports": [],
            "privileged": false,
            "publish_all_ports": false,
            "read_only": false,
            "remove_volumes": true,
            "restart": "unless-stopped",
            "rm": false,
            "runtime": "runc",
            "security_opts": [],
            "shm_size": 64,
            "start": true,
            "stdin_open": false,
            "stop_signal": "",
            "stop_timeout": 0,
            "storage_opts": null,
            "sysctls": null,
            "tmpfs": null,
            "tty": false,
            "ulimit": [],
            "upload": [],
            "user": "",
            "userns_mode": "",
            "volumes": [],
            "wait": false,
            "wait_timeout": 60,
            "working_dir": "/"
          },
          "sensitive_attributes": [
            [
              {
                "type": "get_attr",
                "value": "env"
              }
            ]
          ],
          "private": "eyJzY2hlbWFfdmVyc2lvbiI6IjIifQ=="
        }
      ]
    },
    {
      "module": "module.zabbix",
      "mode": "managed",
      "type": "docker_container",
      "name": "zabbix_java_gateway",
      "provider": "provider[\"registry.terraform.io/kreuzwerker/docker\"]",
      "instances": [
        {
          "schema_version": 2,
          "attributes": {
            "attach": false,
            "bridge": "",
            "capabilities": [],
            "cgroupns_mode": null,
            "command": [
              "/usr/sbin/zabbix_java_gateway"
            ],
            "container_logs": null,
            "container_read_refresh_timeout_milliseconds": 15000,
            "cpu_set": "",
            "cpu_shares": 0,
            "destroy_grace_seconds": null,
            "devices": [],
            "dns": null,
            "dns_opts": null,
            "dns_search": null,
            "domainname": "",
            "entrypoint": [
              "docker-entrypoint.sh"
            ],
            "env": [],
            "exit_code": null,
            "gpus": null,
            "group_add": null,
            "healthcheck": null,
            "host": [],
            "hostname": "99534529adee",
            "id": "99534529adee869485c15351b8b97efdfad06e6c483e388116bc03bc5a52b98f",
            "image": "sha256:568f7c07ecea905fdffcafd1af205d181fc9e6273f0d46fe79e2104a4d40b1d6",
            "init": false,
            "ipc_mode": "private",
            "labels": [],
            "log_driver": "json-file",
            "log_opts": null,
            "logs": false,
            "max_retry_count": 0,
            "memory": 0,
            "memory_swap": 0,
            "mounts": [],
            "must_run": true,
            "name": "zabbix-java-gateway",
            "network_data": [
              {
                "gateway": "172.100.0.1",
                "global_ipv6_address": "",
                "global_ipv6_prefix_length": 0,
                "ip_address": "172.100.0.31",
                "ip_prefix_length": 16,
                "ipv6_gateway": "",
                "mac_address": "02:42:ac:64:00:1f",
                "network_name": "prf-project-network"
              }
            ],
            "network_mode": "bridge",
            "networks_advanced": [
              {
                "aliases": [],
                "ipv4_address": "172.100.0.31",
                "ipv6_address": "",
                "name": "prf-project-network"
              }
            ],
            "pid_mode": "",
            "ports": [],
            "privileged": false,
            "publish_all_ports": false,
            "read_only": false,
            "remove_volumes": true,
            "restart": "unless-stopped",
            "rm": false,
            "runtime": "runc",
            "security_opts": [],
            "shm_size": 64,
            "start": true,
            "stdin_open": false,
            "stop_signal": "SIGTERM",
            "stop_timeout": 0,
            "storage_opts": null,
            "sysctls": null,
            "tmpfs": null,
            "tty": false,
            "ulimit": [],
            "upload": [],
            "user": "1997",
            "userns_mode": "",
            "volumes": [],
            "wait": false,
            "wait_timeout": 60,
            "working_dir": "/var/lib/zabbix"
          },
          "sensitive_attributes": [],
          "private": "eyJzY2hlbWFfdmVyc2lvbiI6IjIifQ=="
        }
      ]
    },
    {
      "module": "module.zabbix",
      "mode": "managed",
      "type": "docker_container",
      "name": "zabbix_server_mysql",
      "provider": "provider[\"registry.terraform.io/kreuzwerker/docker\"]",
      "instances": [
        {
          "schema_version": 2,
          "attributes": {
            "attach": false,
            "bridge": "",
            "capabilities": [],
            "cgroupns_mode": null,
            "command": [
              "/usr/sbin/zabbix_server",
              "--foreground",
              "-c",
              "/etc/zabbix/zabbix_server.conf"
            ],
            "container_logs": null,
            "container_read_refresh_timeout_milliseconds": 15000,
            "cpu_set": "",
            "cpu_shares": 0,
            "destroy_grace_seconds": null,
            "devices": [],
            "dns": null,
            "dns_opts": null,
            "dns_search": null,
            "domainname": "",
            "entrypoint": [
              "/usr/bin/docker-entrypoint.sh"
            ],
            "env": [
              "DB_SERVER_HOST=mysql-server",
              "MYSQL_DATABASE=zabbix",
              "MYSQL_PASSWORD=your_secure_zabbix_password",
              "MYSQL_ROOT_PASSWORD=your_secure_root_password",
              "MYSQL_USER=zabbix",
              "ZBX_JAVAGATEWAY=zabbix-java-gateway"
            ],
            "exit_code": null,
            "gpus": null,
            "group_add": null,
            "healthcheck": null,
            "host": [],
            "hostname": "6d6d57cce91a",
            "id": "6d6d57cce91abba3206a950c68337b75aeb9b99e2363feb9357c5d6a163cd73f",
            "image": "sha256:7b52776eeecb74a46ff1838b289f09fbfe96d116b95acd8d1865c7fc7e2cb7ad",
            "init": false,
            "ipc_mode": "private",
            "labels": [],
            "log_driver": "json-file",
            "log_opts": null,
            "logs": false,
            "max_retry_count": 0,
            "memory": 0,
            "memory_swap": 0,
            "mounts": [],
            "must_run": true,
            "name": "zabbix-server-mysql",
            "network_data": [
              {
                "gateway": "172.100.0.1",
                "global_ipv6_address": "",
                "global_ipv6_prefix_length": 0,
                "ip_address": "172.100.0.32",
                "ip_prefix_length": 16,
                "ipv6_gateway": "",
                "mac_address": "02:42:ac:64:00:20",
                "network_name": "prf-project-network"
              }
            ],
            "network_mode": "bridge",
            "networks_advanced": [
              {
                "aliases": [],
                "ipv4_address": "172.100.0.32",
                "ipv6_address": "",
                "name": "prf-project-network"
              }
            ],
            "pid_mode": "",
            "ports": [
              {
                "external": 10051,
                "internal": 10051,
                "ip": "0.0.0.0",
                "protocol": "tcp"
              }
            ],
            "privileged": false,
            "publish_all_ports": false,
            "read_only": false,
            "remove_volumes": true,
            "restart": "unless-stopped",
            "rm": false,
            "runtime": "runc",
            "security_opts": [],
            "shm_size": 64,
            "start": true,
            "stdin_open": false,
            "stop_signal": "SIGTERM",
            "stop_timeout": 0,
            "storage_opts": null,
            "sysctls": null,
            "tmpfs": null,
            "tty": false,
            "ulimit": [],
            "upload": [],
            "user": "1997",
            "userns_mode": "",
            "volumes": [],
            "wait": false,
            "wait_timeout": 60,
            "working_dir": "/var/lib/zabbix"
          },
          "sensitive_attributes": [
            [
              {
                "type": "get_attr",
                "value": "env"
              }
            ]
          ],
          "private": "eyJzY2hlbWFfdmVyc2lvbiI6IjIifQ==",
          "dependencies": [
            "module.zabbix.docker_container.mysql_server",
            "module.zabbix.docker_container.zabbix_java_gateway"
          ]
        }
      ]
    },
    {
      "module": "module.zabbix",
      "mode": "managed",
      "type": "docker_container",
      "name": "zabbix_web_nginx_mysql",
      "provider": "provider[\"registry.terraform.io/kreuzwerker/docker\"]",
      "instances": [
        {
          "schema_version": 2,
          "attributes": {
            "attach": false,
            "bridge": "",
            "capabilities": [],
            "cgroupns_mode": null,
            "command": [],
            "container_logs": null,
            "container_read_refresh_timeout_milliseconds": 15000,
            "cpu_set": "",
            "cpu_shares": 0,
            "destroy_grace_seconds": null,
            "devices": [],
            "dns": null,
            "dns_opts": null,
            "dns_search": null,
            "domainname": "",
            "entrypoint": [
              "docker-entrypoint.sh"
            ],
            "env": [
              "DB_SERVER_HOST=mysql-server",
              "MYSQL_DATABASE=zabbix",
              "MYSQL_PASSWORD=your_secure_zabbix_password",
              "MYSQL_ROOT_PASSWORD=your_secure_root_password",
              "MYSQL_USER=zabbix",
              "ZBX_SERVER_HOST=zabbix-server-mysql"
            ],
            "exit_code": null,
            "gpus": null,
            "group_add": null,
            "healthcheck": null,
            "host": [],
            "hostname": "538dc11627f2",
            "id": "538dc11627f2b1ba76ddbe004f2a9a9832a76598de21edd13071af35281da412",
            "image": "sha256:66671ebcc7ff1c2a4bb9b6182c9cd8e5e6167db604fb8f4a87521f06ee36d108",
            "init": false,
            "ipc_mode": "private",
            "labels": [],
            "log_driver": "json-file",
            "log_opts": null,
            "logs": false,
            "max_retry_count": 0,
            "memory": 0,
            "memory_swap": 0,
            "mounts": [],
            "must_run": true,
            "name": "zabbix-web-nginx-mysql",
            "network_data": [
              {
                "gateway": "172.100.0.1",
                "global_ipv6_address": "",
                "global_ipv6_prefix_length": 0,
                "ip_address": "172.100.0.33",
                "ip_prefix_length": 16,
                "ipv6_gateway": "",
                "mac_address": "02:42:ac:64:00:21",
                "network_name": "prf-project-network"
              }
            ],
            "network_mode": "bridge",
            "networks_advanced": [
              {
                "aliases": [],
                "ipv4_address": "172.100.0.33",
                "ipv6_address": "",
                "name": "prf-project-network"
              }
            ],
            "pid_mode": "",
            "ports": [
              {
                "external": 8080,
                "internal": 8080,
                "ip": "0.0.0.0",
                "protocol": "tcp"
              }
            ],
            "privileged": false,
            "publish_all_ports": false,
            "read_only": false,
            "remove_volumes": true,
            "restart": "unless-stopped",
            "rm": false,
            "runtime": "runc",
            "security_opts": [],
            "shm_size": 64,
            "start": true,
            "stdin_open": false,
            "stop_signal": "SIGTERM",
            "stop_timeout": 0,
            "storage_opts": null,
            "sysctls": null,
            "tmpfs": null,
            "tty": false,
            "ulimit": [],
            "upload": [],
            "user": "1997",
            "userns_mode": "",
            "volumes": [],
            "wait": false,
            "wait_timeout": 60,
            "working_dir": "/usr/share/zabbix"
          },
          "sensitive_attributes": [
            [
              {
                "type": "get_attr",
                "value": "env"
              }
            ]
          ],
          "private": "eyJzY2hlbWFfdmVyc2lvbiI6IjIifQ==",
          "dependencies": [
            "module.zabbix.docker_container.mysql_server",
            "module.zabbix.docker_container.zabbix_java_gateway",
            "module.zabbix.docker_container.zabbix_server_mysql"
          ]
        }
      ]
    }
  ],
  "check_results": null
}
